{
  "name": "ddp2p-test-server",
  "version": "1.0.0",
  "lockfileVersion": 3,
  "requires": true,
  "packages": {
    "": {
      "name": "ddp2p-test-server",
      "version": "1.0.0",
      "license": "ISC",
      "dependencies": {
        "ddp2p": "file:../../"
      }
    },
    "../..": {
      "version": "1.0.0",
      "license": "MIT",
      "dependencies": {
        "ws": "^8.14.2"
      }
    },
    "../packages/ddp2p": {
      "extraneous": true
    },
    "node_modules/ddp2p": {
      "resolved": "../..",
      "link": true
    }
  }
}
